
Microsoft Visual Studio Solution File, Format Version 12.00
# Visual Studio 15
VisualStudioVersion = 15.0.27703.2018
MinimumVisualStudioVersion = 10.0.40219.1
Project("{9A19103F-16F7-4668-BE54-9A1E7A4F7556}") = "Bigcock.AuthApi", "Bigcock.AuthApi\Bigcock.AuthApi.csproj", "{35EB1AB8-FC1F-471B-8CA1-A224376E619A}"
EndProject
Project("{9A19103F-16F7-4668-BE54-9A1E7A4F7556}") = "Bigcock.Data", "Bigcock.Data\Bigcock.Data.csproj", "{AD8881F0-31EC-4221-B63F-CBBAE4762D32}"
EndProject
Project("{9A19103F-16F7-4668-BE54-9A1E7A4F7556}") = "Bigcock.AuthApiCore", "Bigcock.AuthApiCore\Bigcock.AuthApiCore.csproj", "{160AF008-3D8D-421F-8CB6-992952D6CAAB}"
EndProject
Project("{9A19103F-16F7-4668-BE54-9A1E7A4F7556}") = "Bigcock.IAuthCode", "Bigcock.IAuthCode\Bigcock.IAuthCode.csproj", "{DE9DBB76-1375-4864-96C0-3FD00D2CFAA3}"
EndProject
Global
	GlobalSection(SolutionConfigurationPlatforms) = preSolution
		Debug|Any CPU = Debug|Any CPU
		Release|Any CPU = Release|Any CPU
	EndGlobalSection
	GlobalSection(ProjectConfigurationPlatforms) = postSolution
		{35EB1AB8-FC1F-471B-8CA1-A224376E619A}.Debug|Any CPU.ActiveCfg = Debug|Any CPU
		{35EB1AB8-FC1F-471B-8CA1-A224376E619A}.Debug|Any CPU.Build.0 = Debug|Any CPU
		{35EB1AB8-FC1F-471B-8CA1-A224376E619A}.Release|Any CPU.ActiveCfg = Release|Any CPU
		{35EB1AB8-FC1F-471B-8CA1-A224376E619A}.Release|Any CPU.Build.0 = Release|Any CPU
		{AD8881F0-31EC-4221-B63F-CBBAE4762D32}.Debug|Any CPU.ActiveCfg = Debug|Any CPU
		{AD8881F0-31EC-4221-B63F-CBBAE4762D32}.Debug|Any CPU.Build.0 = Debug|Any CPU
		{AD8881F0-31EC-4221-B63F-CBBAE4762D32}.Release|Any CPU.ActiveCfg = Release|Any CPU
		{AD8881F0-31EC-4221-B63F-CBBAE4762D32}.Release|Any CPU.Build.0 = Release|Any CPU
		{160AF008-3D8D-421F-8CB6-992952D6CAAB}.Debug|Any CPU.ActiveCfg = Debug|Any CPU
		{160AF008-3D8D-421F-8CB6-992952D6CAAB}.Debug|Any CPU.Build.0 = Debug|Any CPU
		{160AF008-3D8D-421F-8CB6-992952D6CAAB}.Release|Any CPU.ActiveCfg = Release|Any CPU
		{160AF008-3D8D-421F-8CB6-992952D6CAAB}.Release|Any CPU.Build.0 = Release|Any CPU
		{DE9DBB76-1375-4864-96C0-3FD00D2CFAA3}.Debug|Any CPU.ActiveCfg = Debug|Any CPU
		{DE9DBB76-1375-4864-96C0-3FD00D2CFAA3}.Debug|Any CPU.Build.0 = Debug|Any CPU
		{DE9DBB76-1375-4864-96C0-3FD00D2CFAA3}.Release|Any CPU.ActiveCfg = Release|Any CPU
		{DE9DBB76-1375-4864-96C0-3FD00D2CFAA3}.Release|Any CPU.Build.0 = Release|Any CPU
	EndGlobalSection
	GlobalSection(SolutionProperties) = preSolution
		HideSolutionNode = FALSE
	EndGlobalSection
	GlobalSection(ExtensibilityGlobals) = postSolution
		SolutionGuid = {06D6214E-5927-4602-8231-7E1357E939C9}
	EndGlobalSection
EndGlobal
